{
  "name": "Pet-Match",
  "version": "1.0.0",
  "lockfileVersion": 1,
  "requires": true,
  "dependencies": {
    "ask-sdk-core": {
      "version": "2.0.5",
      "resolved": "https://registry.npmjs.org/ask-sdk-core/-/ask-sdk-core-2.0.5.tgz",
      "integrity": "sha512-XW95Wh+eMgOGBJKv15NvNip5QabOYu4nVw2qpZvb1PYZiw5ERVESiX26As+S/Iy63ZC7YbiI+o667z93xlUHKw=="
    },
    "ask-sdk-model": {
      "version": "1.3.1",
      "resolved": "https://registry.npmjs.org/ask-sdk-model/-/ask-sdk-model-1.3.1.tgz",
      "integrity": "sha512-ZDcmJ8sDRAzfIPz5WhRpy8HJ8SheBOyjoeHtYIcoVO6ZQEgxXtZ11GJGg8FhRDfwwIWj5Ma8G6m7OCgo4nuJDA=="
    }
  }
}
