{
  "name": "Pet-Match",
  "version": "1.0.0",
  "lockfileVersion": 1,
  "requires": true,
  "dependencies": {
    "ask-sdk-core": {
      "version": "2.0.3",
      "resolved": "https://registry.npmjs.org/ask-sdk-core/-/ask-sdk-core-2.0.3.tgz",
      "integrity": "sha512-V4FJeKFlDtJnAMz7p2CrAr/Qefz4fV0bifZ7biHJOThPLMApkv0igfQIOtEyTZL7wzq91FT7lNMJZuwi+C8Cvg=="
    },
    "ask-sdk-model": {
      "version": "1.2.0",
      "resolved": "https://registry.npmjs.org/ask-sdk-model/-/ask-sdk-model-1.2.0.tgz",
      "integrity": "sha512-GD9WwIq8c5fparwZOQm2IxboDu5cs6JMsgFISQIVUNmCdnprxr5PgaQMA55JOGs94bwIEJ6gc8i1mVyfFX75Vw=="
    }
  }
}
